
Microsoft Visual Studio Solution File, Format Version 12.00
# Visual Studio Version 17
VisualStudioVersion = 17.4.33122.133
MinimumVisualStudioVersion = 10.0.40219.1
Project("{FAE04EC0-301F-11D3-BF4B-00C04F79EFBC}") = "P31c_Guarda_Primos", "P31c_Guarda_Primos\P31c_Guarda_Primos.csproj", "{61724780-9C32-428E-8BB5-D2B254D9F613}"
EndProject
Global
	GlobalSection(SolutionConfigurationPlatforms) = preSolution
		Debug|Any CPU = Debug|Any CPU
		Release|Any CPU = Release|Any CPU
	EndGlobalSection
	GlobalSection(ProjectConfigurationPlatforms) = postSolution
		{61724780-9C32-428E-8BB5-D2B254D9F613}.Debug|Any CPU.ActiveCfg = Debug|Any CPU
		{61724780-9C32-428E-8BB5-D2B254D9F613}.Debug|Any CPU.Build.0 = Debug|Any CPU
		{61724780-9C32-428E-8BB5-D2B254D9F613}.Release|Any CPU.ActiveCfg = Release|Any CPU
		{61724780-9C32-428E-8BB5-D2B254D9F613}.Release|Any CPU.Build.0 = Release|Any CPU
	EndGlobalSection
	GlobalSection(SolutionProperties) = preSolution
		HideSolutionNode = FALSE
	EndGlobalSection
	GlobalSection(ExtensibilityGlobals) = postSolution
		SolutionGuid = {063C5C63-1FB9-439C-8270-930B5F47271C}
	EndGlobalSection
EndGlobal
