
Microsoft Visual Studio Solution File, Format Version 12.00
# Visual Studio Version 17
VisualStudioVersion = 17.4.33110.190
MinimumVisualStudioVersion = 10.0.40219.1
Project("{FAE04EC0-301F-11D3-BF4B-00C04F79EFBC}") = "P33b_Leer_Datos_En_TxtSeparadores_Campos", "P33b_Leer_Datos_En_TxtSeparadores_Campos\P33b_Leer_Datos_En_TxtSeparadores_Campos.csproj", "{969517BA-2E87-401C-B104-3A336C491D1D}"
EndProject
Global
	GlobalSection(SolutionConfigurationPlatforms) = preSolution
		Debug|Any CPU = Debug|Any CPU
		Release|Any CPU = Release|Any CPU
	EndGlobalSection
	GlobalSection(ProjectConfigurationPlatforms) = postSolution
		{969517BA-2E87-401C-B104-3A336C491D1D}.Debug|Any CPU.ActiveCfg = Debug|Any CPU
		{969517BA-2E87-401C-B104-3A336C491D1D}.Debug|Any CPU.Build.0 = Debug|Any CPU
		{969517BA-2E87-401C-B104-3A336C491D1D}.Release|Any CPU.ActiveCfg = Release|Any CPU
		{969517BA-2E87-401C-B104-3A336C491D1D}.Release|Any CPU.Build.0 = Release|Any CPU
	EndGlobalSection
	GlobalSection(SolutionProperties) = preSolution
		HideSolutionNode = FALSE
	EndGlobalSection
	GlobalSection(ExtensibilityGlobals) = postSolution
		SolutionGuid = {5E7798F3-1840-4752-9E08-2D5DF5722B70}
	EndGlobalSection
EndGlobal
