
Microsoft Visual Studio Solution File, Format Version 12.00
# Visual Studio Version 17
VisualStudioVersion = 17.4.33122.133
MinimumVisualStudioVersion = 10.0.40219.1
Project("{FAE04EC0-301F-11D3-BF4B-00C04F79EFBC}") = "P38_Leer_Pacientes_Y_Mostrar_Ordenados", "P38_Leer_Pacientes_Y_Mostrar_Ordenados\P38_Leer_Pacientes_Y_Mostrar_Ordenados.csproj", "{00196A87-5E18-4751-B63E-1805E754D02E}"
EndProject
Global
	GlobalSection(SolutionConfigurationPlatforms) = preSolution
		Debug|Any CPU = Debug|Any CPU
		Release|Any CPU = Release|Any CPU
	EndGlobalSection
	GlobalSection(ProjectConfigurationPlatforms) = postSolution
		{00196A87-5E18-4751-B63E-1805E754D02E}.Debug|Any CPU.ActiveCfg = Debug|Any CPU
		{00196A87-5E18-4751-B63E-1805E754D02E}.Debug|Any CPU.Build.0 = Debug|Any CPU
		{00196A87-5E18-4751-B63E-1805E754D02E}.Release|Any CPU.ActiveCfg = Release|Any CPU
		{00196A87-5E18-4751-B63E-1805E754D02E}.Release|Any CPU.Build.0 = Release|Any CPU
	EndGlobalSection
	GlobalSection(SolutionProperties) = preSolution
		HideSolutionNode = FALSE
	EndGlobalSection
	GlobalSection(ExtensibilityGlobals) = postSolution
		SolutionGuid = {909127F0-5FCD-409C-B88A-4EF5F522B38D}
	EndGlobalSection
EndGlobal
